
Microsoft Visual Studio Solution File, Format Version 12.00
# Visual Studio Version 17
VisualStudioVersion = 17.5.33530.505
MinimumVisualStudioVersion = 10.0.40219.1
Project("{FAE04EC0-301F-11D3-BF4B-00C04F79EFBC}") = "LimitedSiegeBombDeploy", "LimitedSiegeBombDeploy.csproj", "{B7D7A7C6-EE53-4608-9D06-EA4330229065}"
EndProject
Global
	GlobalSection(SolutionConfigurationPlatforms) = preSolution
		Debug|Any CPU = Debug|Any CPU
		Release|Any CPU = Release|Any CPU
	EndGlobalSection
	GlobalSection(ProjectConfigurationPlatforms) = postSolution
		{B7D7A7C6-EE53-4608-9D06-EA4330229065}.Debug|Any CPU.ActiveCfg = Debug|Any CPU
		{B7D7A7C6-EE53-4608-9D06-EA4330229065}.Debug|Any CPU.Build.0 = Debug|Any CPU
		{B7D7A7C6-EE53-4608-9D06-EA4330229065}.Release|Any CPU.ActiveCfg = Release|Any CPU
		{B7D7A7C6-EE53-4608-9D06-EA4330229065}.Release|Any CPU.Build.0 = Release|Any CPU
	EndGlobalSection
	GlobalSection(SolutionProperties) = preSolution
		HideSolutionNode = FALSE
	EndGlobalSection
	GlobalSection(ExtensibilityGlobals) = postSolution
		SolutionGuid = {18135D9D-321F-4724-B0C5-C16C2326FE7A}
	EndGlobalSection
EndGlobal
